
Microsoft Visual Studio Solution File, Format Version 12.00
# Visual Studio 15
VisualStudioVersion = 15.0.28010.2016
MinimumVisualStudioVersion = 10.0.40219.1
Project("{FAE04EC0-301F-11D3-BF4B-00C04F79EFBC}") = "Intercepting_Filter_Design_Pattern", "ConsoleApp38\Intercepting_Filter_Design_Pattern.csproj", "{B6503217-2163-466C-8E17-E7468DEDC34A}"
EndProject
Project("{FAE04EC0-301F-11D3-BF4B-00C04F79EFBC}") = "pipeline_Demo", "pipeline_Demo\pipeline_Demo.csproj", "{F2C69297-AA9F-4822-A319-457E6142DCD8}"
EndProject
Project("{FAE04EC0-301F-11D3-BF4B-00C04F79EFBC}") = "Filter_Demo", "Filter_Demo\Filter_Demo.csproj", "{587D4CF2-F437-4DD6-8C73-F054C12EE023}"
EndProject
Global
	GlobalSection(SolutionConfigurationPlatforms) = preSolution
		Debug|Any CPU = Debug|Any CPU
		Release|Any CPU = Release|Any CPU
	EndGlobalSection
	GlobalSection(ProjectConfigurationPlatforms) = postSolution
		{B6503217-2163-466C-8E17-E7468DEDC34A}.Debug|Any CPU.ActiveCfg = Debug|Any CPU
		{B6503217-2163-466C-8E17-E7468DEDC34A}.Debug|Any CPU.Build.0 = Debug|Any CPU
		{B6503217-2163-466C-8E17-E7468DEDC34A}.Release|Any CPU.ActiveCfg = Release|Any CPU
		{B6503217-2163-466C-8E17-E7468DEDC34A}.Release|Any CPU.Build.0 = Release|Any CPU
		{F2C69297-AA9F-4822-A319-457E6142DCD8}.Debug|Any CPU.ActiveCfg = Debug|Any CPU
		{F2C69297-AA9F-4822-A319-457E6142DCD8}.Debug|Any CPU.Build.0 = Debug|Any CPU
		{F2C69297-AA9F-4822-A319-457E6142DCD8}.Release|Any CPU.ActiveCfg = Release|Any CPU
		{F2C69297-AA9F-4822-A319-457E6142DCD8}.Release|Any CPU.Build.0 = Release|Any CPU
		{587D4CF2-F437-4DD6-8C73-F054C12EE023}.Debug|Any CPU.ActiveCfg = Debug|Any CPU
		{587D4CF2-F437-4DD6-8C73-F054C12EE023}.Debug|Any CPU.Build.0 = Debug|Any CPU
		{587D4CF2-F437-4DD6-8C73-F054C12EE023}.Release|Any CPU.ActiveCfg = Release|Any CPU
		{587D4CF2-F437-4DD6-8C73-F054C12EE023}.Release|Any CPU.Build.0 = Release|Any CPU
	EndGlobalSection
	GlobalSection(SolutionProperties) = preSolution
		HideSolutionNode = FALSE
	EndGlobalSection
	GlobalSection(ExtensibilityGlobals) = postSolution
		SolutionGuid = {E1B2EC08-B7E6-48F2-93A7-523EAC9B57E3}
	EndGlobalSection
EndGlobal
